
Microsoft Visual Studio Solution File, Format Version 12.00
# Visual Studio 15
VisualStudioVersion = 15.0.27703.2042
MinimumVisualStudioVersion = 10.0.40219.1
Project("{FAE04EC0-301F-11D3-BF4B-00C04F79EFBC}") = "ejercicio 7 juego", "ejercicio 7 juego\ejercicio 7 juego.csproj", "{8F1F4E87-942C-4BD5-BAD2-79EEBF6B2CC7}"
EndProject
Global
	GlobalSection(SolutionConfigurationPlatforms) = preSolution
		Debug|Any CPU = Debug|Any CPU
		Release|Any CPU = Release|Any CPU
	EndGlobalSection
	GlobalSection(ProjectConfigurationPlatforms) = postSolution
		{8F1F4E87-942C-4BD5-BAD2-79EEBF6B2CC7}.Debug|Any CPU.ActiveCfg = Debug|Any CPU
		{8F1F4E87-942C-4BD5-BAD2-79EEBF6B2CC7}.Debug|Any CPU.Build.0 = Debug|Any CPU
		{8F1F4E87-942C-4BD5-BAD2-79EEBF6B2CC7}.Release|Any CPU.ActiveCfg = Release|Any CPU
		{8F1F4E87-942C-4BD5-BAD2-79EEBF6B2CC7}.Release|Any CPU.Build.0 = Release|Any CPU
	EndGlobalSection
	GlobalSection(SolutionProperties) = preSolution
		HideSolutionNode = FALSE
	EndGlobalSection
	GlobalSection(ExtensibilityGlobals) = postSolution
		SolutionGuid = {3F40F90E-980E-48B5-83AC-4B319F17AC2D}
	EndGlobalSection
EndGlobal
